
Microsoft Visual Studio Solution File, Format Version 12.00
# Visual Studio Version 16
VisualStudioVersion = 16.0.29911.84
MinimumVisualStudioVersion = 10.0.40219.1
Project("{9A19103F-16F7-4668-BE54-9A1E7A4F7556}") = "NVenter.Core", "NVenter.Core\NVenter.Core.csproj", "{B472CE25-BC29-43F0-9B35-F5E4A94ACAC5}"
EndProject
Project("{9A19103F-16F7-4668-BE54-9A1E7A4F7556}") = "NVenter.Projections", "NVenter.Projections\NVenter.Projections.csproj", "{FD12347F-30D5-48A1-92FB-A9D7364D56ED}"
EndProject
Project("{9A19103F-16F7-4668-BE54-9A1E7A4F7556}") = "NVenter.Domain", "NVenter.Domain\NVenter.Domain.csproj", "{DDF91256-A688-4233-A588-38688E95993D}"
EndProject
Project("{9A19103F-16F7-4668-BE54-9A1E7A4F7556}") = "NVenter.Domain.UnitTests", "NVenter.Domain.UnitTests\NVenter.Domain.UnitTests.csproj", "{AF9B57ED-E98C-4344-8365-8F934C2417B9}"
EndProject
Global
	GlobalSection(SolutionConfigurationPlatforms) = preSolution
		Debug|Any CPU = Debug|Any CPU
		Release|Any CPU = Release|Any CPU
	EndGlobalSection
	GlobalSection(ProjectConfigurationPlatforms) = postSolution
		{B472CE25-BC29-43F0-9B35-F5E4A94ACAC5}.Debug|Any CPU.ActiveCfg = Debug|Any CPU
		{B472CE25-BC29-43F0-9B35-F5E4A94ACAC5}.Debug|Any CPU.Build.0 = Debug|Any CPU
		{B472CE25-BC29-43F0-9B35-F5E4A94ACAC5}.Release|Any CPU.ActiveCfg = Release|Any CPU
		{B472CE25-BC29-43F0-9B35-F5E4A94ACAC5}.Release|Any CPU.Build.0 = Release|Any CPU
		{FD12347F-30D5-48A1-92FB-A9D7364D56ED}.Debug|Any CPU.ActiveCfg = Debug|Any CPU
		{FD12347F-30D5-48A1-92FB-A9D7364D56ED}.Debug|Any CPU.Build.0 = Debug|Any CPU
		{FD12347F-30D5-48A1-92FB-A9D7364D56ED}.Release|Any CPU.ActiveCfg = Release|Any CPU
		{FD12347F-30D5-48A1-92FB-A9D7364D56ED}.Release|Any CPU.Build.0 = Release|Any CPU
		{DDF91256-A688-4233-A588-38688E95993D}.Debug|Any CPU.ActiveCfg = Debug|Any CPU
		{DDF91256-A688-4233-A588-38688E95993D}.Debug|Any CPU.Build.0 = Debug|Any CPU
		{DDF91256-A688-4233-A588-38688E95993D}.Release|Any CPU.ActiveCfg = Release|Any CPU
		{DDF91256-A688-4233-A588-38688E95993D}.Release|Any CPU.Build.0 = Release|Any CPU
		{AF9B57ED-E98C-4344-8365-8F934C2417B9}.Debug|Any CPU.ActiveCfg = Debug|Any CPU
		{AF9B57ED-E98C-4344-8365-8F934C2417B9}.Debug|Any CPU.Build.0 = Debug|Any CPU
		{AF9B57ED-E98C-4344-8365-8F934C2417B9}.Release|Any CPU.ActiveCfg = Release|Any CPU
		{AF9B57ED-E98C-4344-8365-8F934C2417B9}.Release|Any CPU.Build.0 = Release|Any CPU
	EndGlobalSection
	GlobalSection(SolutionProperties) = preSolution
		HideSolutionNode = FALSE
	EndGlobalSection
	GlobalSection(ExtensibilityGlobals) = postSolution
		SolutionGuid = {378A2DE0-0606-48B0-B4F5-7D9E910CA7B1}
	EndGlobalSection
EndGlobal
