
Microsoft Visual Studio Solution File, Format Version 12.00
# Visual Studio Version 16
VisualStudioVersion = 16.0.29911.84
MinimumVisualStudioVersion = 10.0.40219.1
Project("{9A19103F-16F7-4668-BE54-9A1E7A4F7556}") = "NVenter.Core", "NVenter.Core\NVenter.Core.csproj", "{B472CE25-BC29-43F0-9B35-F5E4A94ACAC5}"
EndProject
Project("{9A19103F-16F7-4668-BE54-9A1E7A4F7556}") = "NVenter.Projections", "NVenter.Projections\NVenter.Projections.csproj", "{FD12347F-30D5-48A1-92FB-A9D7364D56ED}"
EndProject
Project("{9A19103F-16F7-4668-BE54-9A1E7A4F7556}") = "NVenter.Domain", "NVenter.Domain\NVenter.Domain.csproj", "{DDF91256-A688-4233-A588-38688E95993D}"
EndProject
Project("{9A19103F-16F7-4668-BE54-9A1E7A4F7556}") = "NVenter.Domain.UnitTests", "NVenter.Domain.UnitTests\NVenter.Domain.UnitTests.csproj", "{AF9B57ED-E98C-4344-8365-8F934C2417B9}"
EndProject
Project("{2150E333-8FDC-42A3-9474-1A3956D46DE8}") = "EventStore", "EventStore", "{8ED728C9-D372-44E7-ADA0-C36E8D17DF81}"
EndProject
Project("{9A19103F-16F7-4668-BE54-9A1E7A4F7556}") = "NVenter.Core.EventStore", "NVenter.EventStore\NVenter.Core.EventStore\NVenter.Core.EventStore.csproj", "{5A38A943-2D8D-4170-B2FF-BC84EB6BDD41}"
EndProject
Project("{9A19103F-16F7-4668-BE54-9A1E7A4F7556}") = "NVenter.EventStore.Domain", "NVenter.EventStore\NVenter.EventStore.Domain\NVenter.EventStore.Domain.csproj", "{0D312651-7872-4D2B-95F7-F2462167EA2D}"
EndProject
Project("{2150E333-8FDC-42A3-9474-1A3956D46DE8}") = "Sqlite", "Sqlite", "{A16D4847-284C-438F-95BC-3D8DC62D6742}"
EndProject
Project("{9A19103F-16F7-4668-BE54-9A1E7A4F7556}") = "NVenter.Sqlite.Core", "NVenter.Sqlite\NVenter.Sqlite.Core\NVenter.Sqlite.Core.csproj", "{C5AE8438-9D11-4D4B-AF4B-023D75223CC6}"
EndProject
Project("{2150E333-8FDC-42A3-9474-1A3956D46DE8}") = "Example", "Example", "{5453BDE1-8FDF-42BF-B892-AEE68EC7970F}"
EndProject
Project("{9A19103F-16F7-4668-BE54-9A1E7A4F7556}") = "Nventer.Sqlite.Example", "NVenter.Sqlite\Example\Nventer.Sqlite.Example\Nventer.Sqlite.Example.csproj", "{D5F5B0F6-8BC1-468D-A8F0-2AAE80D947ED}"
EndProject
Project("{9A19103F-16F7-4668-BE54-9A1E7A4F7556}") = "NVenter.Sqlite.Domain", "NVenter.Sqlite\NVenter.Sqlite.Domain\NVenter.Sqlite.Domain.csproj", "{E5CDB231-4030-40D8-8E2E-504621D172A9}"
EndProject
Project("{2150E333-8FDC-42A3-9474-1A3956D46DE8}") = "Example", "Example", "{3AF38340-DBA4-4DD9-8C8A-545BD8247ACB}"
EndProject
Project("{FAE04EC0-301F-11D3-BF4B-00C04F79EFBC}") = "NVenter.Example.Projector", "Example\NVenter.Example.Projector\NVenter.Example.Projector.csproj", "{43EE1A74-943D-444E-91E8-5B2C18E6BD00}"
EndProject
Global
	GlobalSection(SolutionConfigurationPlatforms) = preSolution
		Debug|Any CPU = Debug|Any CPU
		Release|Any CPU = Release|Any CPU
	EndGlobalSection
	GlobalSection(ProjectConfigurationPlatforms) = postSolution
		{B472CE25-BC29-43F0-9B35-F5E4A94ACAC5}.Debug|Any CPU.ActiveCfg = Debug|Any CPU
		{B472CE25-BC29-43F0-9B35-F5E4A94ACAC5}.Debug|Any CPU.Build.0 = Debug|Any CPU
		{B472CE25-BC29-43F0-9B35-F5E4A94ACAC5}.Release|Any CPU.ActiveCfg = Release|Any CPU
		{B472CE25-BC29-43F0-9B35-F5E4A94ACAC5}.Release|Any CPU.Build.0 = Release|Any CPU
		{FD12347F-30D5-48A1-92FB-A9D7364D56ED}.Debug|Any CPU.ActiveCfg = Debug|Any CPU
		{FD12347F-30D5-48A1-92FB-A9D7364D56ED}.Debug|Any CPU.Build.0 = Debug|Any CPU
		{FD12347F-30D5-48A1-92FB-A9D7364D56ED}.Release|Any CPU.ActiveCfg = Release|Any CPU
		{FD12347F-30D5-48A1-92FB-A9D7364D56ED}.Release|Any CPU.Build.0 = Release|Any CPU
		{DDF91256-A688-4233-A588-38688E95993D}.Debug|Any CPU.ActiveCfg = Debug|Any CPU
		{DDF91256-A688-4233-A588-38688E95993D}.Debug|Any CPU.Build.0 = Debug|Any CPU
		{DDF91256-A688-4233-A588-38688E95993D}.Release|Any CPU.ActiveCfg = Release|Any CPU
		{DDF91256-A688-4233-A588-38688E95993D}.Release|Any CPU.Build.0 = Release|Any CPU
		{AF9B57ED-E98C-4344-8365-8F934C2417B9}.Debug|Any CPU.ActiveCfg = Debug|Any CPU
		{AF9B57ED-E98C-4344-8365-8F934C2417B9}.Debug|Any CPU.Build.0 = Debug|Any CPU
		{AF9B57ED-E98C-4344-8365-8F934C2417B9}.Release|Any CPU.ActiveCfg = Release|Any CPU
		{AF9B57ED-E98C-4344-8365-8F934C2417B9}.Release|Any CPU.Build.0 = Release|Any CPU
		{5A38A943-2D8D-4170-B2FF-BC84EB6BDD41}.Debug|Any CPU.ActiveCfg = Debug|Any CPU
		{5A38A943-2D8D-4170-B2FF-BC84EB6BDD41}.Debug|Any CPU.Build.0 = Debug|Any CPU
		{5A38A943-2D8D-4170-B2FF-BC84EB6BDD41}.Release|Any CPU.ActiveCfg = Release|Any CPU
		{5A38A943-2D8D-4170-B2FF-BC84EB6BDD41}.Release|Any CPU.Build.0 = Release|Any CPU
		{0D312651-7872-4D2B-95F7-F2462167EA2D}.Debug|Any CPU.ActiveCfg = Debug|Any CPU
		{0D312651-7872-4D2B-95F7-F2462167EA2D}.Debug|Any CPU.Build.0 = Debug|Any CPU
		{0D312651-7872-4D2B-95F7-F2462167EA2D}.Release|Any CPU.ActiveCfg = Release|Any CPU
		{0D312651-7872-4D2B-95F7-F2462167EA2D}.Release|Any CPU.Build.0 = Release|Any CPU
		{C5AE8438-9D11-4D4B-AF4B-023D75223CC6}.Debug|Any CPU.ActiveCfg = Debug|Any CPU
		{C5AE8438-9D11-4D4B-AF4B-023D75223CC6}.Debug|Any CPU.Build.0 = Debug|Any CPU
		{C5AE8438-9D11-4D4B-AF4B-023D75223CC6}.Release|Any CPU.ActiveCfg = Release|Any CPU
		{C5AE8438-9D11-4D4B-AF4B-023D75223CC6}.Release|Any CPU.Build.0 = Release|Any CPU
		{D5F5B0F6-8BC1-468D-A8F0-2AAE80D947ED}.Debug|Any CPU.ActiveCfg = Debug|Any CPU
		{D5F5B0F6-8BC1-468D-A8F0-2AAE80D947ED}.Debug|Any CPU.Build.0 = Debug|Any CPU
		{D5F5B0F6-8BC1-468D-A8F0-2AAE80D947ED}.Release|Any CPU.ActiveCfg = Release|Any CPU
		{D5F5B0F6-8BC1-468D-A8F0-2AAE80D947ED}.Release|Any CPU.Build.0 = Release|Any CPU
		{E5CDB231-4030-40D8-8E2E-504621D172A9}.Debug|Any CPU.ActiveCfg = Debug|Any CPU
		{E5CDB231-4030-40D8-8E2E-504621D172A9}.Debug|Any CPU.Build.0 = Debug|Any CPU
		{E5CDB231-4030-40D8-8E2E-504621D172A9}.Release|Any CPU.ActiveCfg = Release|Any CPU
		{E5CDB231-4030-40D8-8E2E-504621D172A9}.Release|Any CPU.Build.0 = Release|Any CPU
		{43EE1A74-943D-444E-91E8-5B2C18E6BD00}.Debug|Any CPU.ActiveCfg = Debug|Any CPU
		{43EE1A74-943D-444E-91E8-5B2C18E6BD00}.Debug|Any CPU.Build.0 = Debug|Any CPU
		{43EE1A74-943D-444E-91E8-5B2C18E6BD00}.Release|Any CPU.ActiveCfg = Release|Any CPU
		{43EE1A74-943D-444E-91E8-5B2C18E6BD00}.Release|Any CPU.Build.0 = Release|Any CPU
	EndGlobalSection
	GlobalSection(SolutionProperties) = preSolution
		HideSolutionNode = FALSE
	EndGlobalSection
	GlobalSection(NestedProjects) = preSolution
		{5A38A943-2D8D-4170-B2FF-BC84EB6BDD41} = {8ED728C9-D372-44E7-ADA0-C36E8D17DF81}
		{0D312651-7872-4D2B-95F7-F2462167EA2D} = {8ED728C9-D372-44E7-ADA0-C36E8D17DF81}
		{C5AE8438-9D11-4D4B-AF4B-023D75223CC6} = {A16D4847-284C-438F-95BC-3D8DC62D6742}
		{5453BDE1-8FDF-42BF-B892-AEE68EC7970F} = {A16D4847-284C-438F-95BC-3D8DC62D6742}
		{D5F5B0F6-8BC1-468D-A8F0-2AAE80D947ED} = {5453BDE1-8FDF-42BF-B892-AEE68EC7970F}
		{E5CDB231-4030-40D8-8E2E-504621D172A9} = {A16D4847-284C-438F-95BC-3D8DC62D6742}
		{43EE1A74-943D-444E-91E8-5B2C18E6BD00} = {3AF38340-DBA4-4DD9-8C8A-545BD8247ACB}
	EndGlobalSection
	GlobalSection(ExtensibilityGlobals) = postSolution
		SolutionGuid = {378A2DE0-0606-48B0-B4F5-7D9E910CA7B1}
	EndGlobalSection
EndGlobal
